
Microsoft Visual Studio Solution File, Format Version 12.00
# Visual Studio Version 17
VisualStudioVersion = 17.8.34330.188
MinimumVisualStudioVersion = 10.0.40219.1
Project("{9A19103F-16F7-4668-BE54-9A1E7A4F7556}") = "KITTTest.ConsoleCore.App.UI.LMW", "Source\KITTTest.ConsoleCore.App.UI.LMW\KITTTest.ConsoleCore.App.UI.LMW.csproj", "{3A476315-2300-4071-885D-0D9DA94F1469}"
EndProject
Project("{2150E333-8FDC-42A3-9474-1A3956D46DE8}") = "Shared", "Shared", "{C3C11C6C-84CF-40CD-9D30-C801683CA0F8}"
	ProjectSection(SolutionItems) = preProject
		README.md = README.md
	EndProjectSection
EndProject
Global
	GlobalSection(SolutionConfigurationPlatforms) = preSolution
		Debug|Any CPU = Debug|Any CPU
		Release|Any CPU = Release|Any CPU
	EndGlobalSection
	GlobalSection(ProjectConfigurationPlatforms) = postSolution
		{3A476315-2300-4071-885D-0D9DA94F1469}.Debug|Any CPU.ActiveCfg = Debug|Any CPU
		{3A476315-2300-4071-885D-0D9DA94F1469}.Debug|Any CPU.Build.0 = Debug|Any CPU
		{3A476315-2300-4071-885D-0D9DA94F1469}.Release|Any CPU.ActiveCfg = Release|Any CPU
		{3A476315-2300-4071-885D-0D9DA94F1469}.Release|Any CPU.Build.0 = Release|Any CPU
	EndGlobalSection
	GlobalSection(SolutionProperties) = preSolution
		HideSolutionNode = FALSE
	EndGlobalSection
	GlobalSection(ExtensibilityGlobals) = postSolution
		SolutionGuid = {6009B7C1-6506-4E8F-834B-69194349554E}
	EndGlobalSection
EndGlobal
